
Microsoft Visual Studio Solution File, Format Version 12.00
# Visual Studio Version 17
VisualStudioVersion = 17.0.31903.59
MinimumVisualStudioVersion = 10.0.40219.1
Project("{2150E333-8FDC-42A3-9474-1A3956D46DE8}") = "src", "src", "{1FD7643A-C4D1-4160-91CB-505ACD029F46}"
EndProject
Project("{FAE04EC0-301F-11D3-BF4B-00C04F79EFBC}") = "Consumer", "src\Consumer\Consumer.csproj", "{71C57BCA-9202-4BE5-833E-3B38A5E1EC20}"
EndProject
Project("{FAE04EC0-301F-11D3-BF4B-00C04F79EFBC}") = "Producer", "src\Producer\Producer.csproj", "{1DCB2F6A-412A-4003-97EB-579DEB3BB432}"
EndProject
Global
	GlobalSection(SolutionConfigurationPlatforms) = preSolution
		Debug|Any CPU = Debug|Any CPU
		Release|Any CPU = Release|Any CPU
	EndGlobalSection
	GlobalSection(SolutionProperties) = preSolution
		HideSolutionNode = FALSE
	EndGlobalSection
	GlobalSection(ProjectConfigurationPlatforms) = postSolution
		{71C57BCA-9202-4BE5-833E-3B38A5E1EC20}.Debug|Any CPU.ActiveCfg = Debug|Any CPU
		{71C57BCA-9202-4BE5-833E-3B38A5E1EC20}.Debug|Any CPU.Build.0 = Debug|Any CPU
		{71C57BCA-9202-4BE5-833E-3B38A5E1EC20}.Release|Any CPU.ActiveCfg = Release|Any CPU
		{71C57BCA-9202-4BE5-833E-3B38A5E1EC20}.Release|Any CPU.Build.0 = Release|Any CPU
		{1DCB2F6A-412A-4003-97EB-579DEB3BB432}.Debug|Any CPU.ActiveCfg = Debug|Any CPU
		{1DCB2F6A-412A-4003-97EB-579DEB3BB432}.Debug|Any CPU.Build.0 = Debug|Any CPU
		{1DCB2F6A-412A-4003-97EB-579DEB3BB432}.Release|Any CPU.ActiveCfg = Release|Any CPU
		{1DCB2F6A-412A-4003-97EB-579DEB3BB432}.Release|Any CPU.Build.0 = Release|Any CPU
	EndGlobalSection
	GlobalSection(NestedProjects) = preSolution
		{71C57BCA-9202-4BE5-833E-3B38A5E1EC20} = {1FD7643A-C4D1-4160-91CB-505ACD029F46}
		{1DCB2F6A-412A-4003-97EB-579DEB3BB432} = {1FD7643A-C4D1-4160-91CB-505ACD029F46}
	EndGlobalSection
EndGlobal
